# THIS IS AN AUTOGENERATED FILE. DO NOT EDIT THIS FILE DIRECTLY.
# yarn lockfile v1


"@types/prop-types@*":
  version "15.7.5"
  resolved "https://registry.yarnpkg.com/@types/prop-types/-/prop-types-15.7.5.tgz#5f19d2b85a98e9558036f6a3cacc8819420f05cf"
  integrity sha512-JCB8C6SnDoQf0cNycqd/35A7MjcnK+ZTqE7judS6o7utxUCg6imJg3QK2qzHKszlTjcj2cn+NwMB2i96ubpj7w==

"@types/react-native@^0.67.4":
  version "0.67.4"
  resolved "https://registry.yarnpkg.com/@types/react-native/-/react-native-0.67.4.tgz#97a8d3cff2a7606f247008e93d9fe2a3879bc84e"
  integrity sha512-L81CB6W1m0s7d+TH/loP318+VKPwwjWQBUTVYQ1+lQTWiE5jHxyihgCmd7JbwLICo708FRSDwJW7pJoiZHy6yg==
  dependencies:
    "@types/react" "*"

"@types/react@*":
  version "18.0.3"
  resolved "https://registry.yarnpkg.com/@types/react/-/react-18.0.3.tgz#baefa397561372015b9f8ba5bc83bc3f84ae8fcb"
  integrity sha512-P8QUaMW4k+kH9aKNPl9b3XWcKMSSALYprLL8xpAMJOLUn3Pl6B+6nKC4F7dsk9oJPwkiRx+qlwhG/Zc1LxFVuQ==
  dependencies:
    "@types/prop-types" "*"
    "@types/scheduler" "*"
    csstype "^3.0.2"

"@types/scheduler@*":
  version "0.16.2"
  resolved "https://registry.yarnpkg.com/@types/scheduler/-/scheduler-0.16.2.tgz#1a62f89525723dde24ba1b01b092bf5df8ad4d39"
  integrity sha512-hppQEBDmlwhFAXKJX2KnWLYu5yMfi91yazPb2l+lbJiwW+wdo1gNeRA+3RgNSO39WYX2euey41KEwnqesU2Jew==

csstype@^3.0.2:
  version "3.0.11"
  resolved "https://registry.yarnpkg.com/csstype/-/csstype-3.0.11.tgz#d66700c5eacfac1940deb4e3ee5642792d85cd33"
  integrity sha512-sa6P2wJ+CAbgyy4KFssIb/JNMLxFvKF1pCYCSXS8ZMuqZnMsrxqI2E5sPyoTpxoPU/gVZMzr2zjOfg8GIZOMsw==

typescript@^4.6.3:
  version "4.6.3"
  resolved "https://registry.yarnpkg.com/typescript/-/typescript-4.6.3.tgz#eefeafa6afdd31d725584c67a0eaba80f6fc6c6c"
  integrity sha512-yNIatDa5iaofVozS/uQJEl3JRWLKKGJKh6Yaiv0GLGSuhpFJe7P3SbHZ8/yjAHRQwKRoA6YZqlfjXWmVzoVSMw==
